// !$*UTF8*$!
{
	archiveVersion = 1;
	classes = {
	};
	objectVersion = 50;
	objects = {

/* Begin PBXBuildFile section */
		DB0D5FE7261C1C330042C0EE /* Tests_iOS.swift in Sources */ = {isa = PBXBuildFile; fileRef = DB0D5FE6261C1C330042C0EE /* Tests_iOS.swift */; };
		DB0D5FF2261C1C330042C0EE /* Tests_macOS.swift in Sources */ = {isa = PBXBuildFile; fileRef = DB0D5FF1261C1C330042C0EE /* Tests_macOS.swift */; };
		DB0D5FF4261C1C330042C0EE /* helloiosApp.swift in Sources */ = {isa = PBXBuildFile; fileRef = DB0D5FCB261C1C310042C0EE /* helloiosApp.swift */; };
		DB0D5FF5261C1C330042C0EE /* helloiosApp.swift in Sources */ = {isa = PBXBuildFile; fileRef = DB0D5FCB261C1C310042C0EE /* helloiosApp.swift */; };
		DB0D5FF6261C1C330042C0EE /* ContentView.swift in Sources */ = {isa = PBXBuildFile; fileRef = DB0D5FCC261C1C310042C0EE /* ContentView.swift */; };
		DB0D5FF7261C1C330042C0EE /* ContentView.swift in Sources */ = {isa = PBXBuildFile; fileRef = DB0D5FCC261C1C310042C0EE /* ContentView.swift */; };
		DB0D5FF8261C1C330042C0EE /* Assets.xcassets in Resources */ = {isa = PBXBuildFile; fileRef = DB0D5FCD261C1C320042C0EE /* Assets.xcassets */; };
		DB0D5FF9261C1C330042C0EE /* Assets.xcassets in Resources */ = {isa = PBXBuildFile; fileRef = DB0D5FCD261C1C320042C0EE /* Assets.xcassets */; };
/* End PBXBuildFile section */

/* Begin PBXContainerItemProxy section */
		DB0D5FE3261C1C330042C0EE /* PBXContainerItemProxy */ = {
			isa = PBXContainerItemProxy;
			containerPortal = DB0D5FC6261C1C310042C0EE /* Project object */;
			proxyType = 1;
			remoteGlobalIDString = DB0D5FD1261C1C320042C0EE;
			remoteInfo = "helloios (iOS)";
		};
		DB0D5FEE261C1C330042C0EE /* PBXContainerItemProxy */ = {
			isa = PBXContainerItemProxy;
			containerPortal = DB0D5FC6261C1C310042C0EE /* Project object */;
			proxyType = 1;
			remoteGlobalIDString = DB0D5FD9261C1C320042C0EE;
			remoteInfo = "helloios (macOS)";
		};
/* End PBXContainerItemProxy section */

/* Begin PBXFileReference section */
		DB0D5FCB261C1C310042C0EE /* helloiosApp.swift */ = {isa = PBXFileReference; lastKnownFileType = sourcecode.swift; path = helloiosApp.swift; sourceTree = "<group>"; };
		DB0D5FCC261C1C310042C0EE /* ContentView.swift */ = {isa = PBXFileReference; lastKnownFileType = sourcecode.swift; path = ContentView.swift; sourceTree = "<group>"; };
		DB0D5FCD261C1C320042C0EE /* Assets.xcassets */ = {isa = PBXFileReference; lastKnownFileType = folder.assetcatalog; path = Assets.xcassets; sourceTree = "<group>"; };
		DB0D5FD2261C1C320042C0EE /* helloios.app */ = {isa = PBXFileReference; explicitFileType = wrapper.application; includeInIndex = 0; path = helloios.app; sourceTree = BUILT_PRODUCTS_DIR; };
		DB0D5FD5261C1C320042C0EE /* Info.plist */ = {isa = PBXFileReference; lastKnownFileType = text.plist.xml; path = Info.plist; sourceTree = "<group>"; };
		DB0D5FDA261C1C330042C0EE /* helloios.app */ = {isa = PBXFileReference; explicitFileType = wrapper.application; includeInIndex = 0; path = helloios.app; sourceTree = BUILT_PRODUCTS_DIR; };
		DB0D5FDC261C1C330042C0EE /* Info.plist */ = {isa = PBXFileReference; lastKnownFileType = text.plist.xml; path = Info.plist; sourceTree = "<group>"; };
		DB0D5FDD261C1C330042C0EE /* macOS.entitlements */ = {isa = PBXFileReference; lastKnownFileType = text.plist.entitlements; path = macOS.entitlements; sourceTree = "<group>"; };
		DB0D5FE2261C1C330042C0EE /* Tests iOS.xctest */ = {isa = PBXFileReference; explicitFileType = wrapper.cfbundle; includeInIndex = 0; path = "Tests iOS.xctest"; sourceTree = BUILT_PRODUCTS_DIR; };
		DB0D5FE6261C1C330042C0EE /* Tests_iOS.swift */ = {isa = PBXFileReference; lastKnownFileType = sourcecode.swift; path = Tests_iOS.swift; sourceTree = "<group>"; };
		DB0D5FE8261C1C330042C0EE /* Info.plist */ = {isa = PBXFileReference; lastKnownFileType = text.plist.xml; path = Info.plist; sourceTree = "<group>"; };
		DB0D5FED261C1C330042C0EE /* Tests macOS.xctest */ = {isa = PBXFileReference; explicitFileType = wrapper.cfbundle; includeInIndex = 0; path = "Tests macOS.xctest"; sourceTree = BUILT_PRODUCTS_DIR; };
		DB0D5FF1261C1C330042C0EE /* Tests_macOS.swift */ = {isa = PBXFileReference; lastKnownFileType = sourcecode.swift; path = Tests_macOS.swift; sourceTree = "<group>"; };
		DB0D5FF3261C1C330042C0EE /* Info.plist */ = {isa = PBXFileReference; lastKnownFileType = text.plist.xml; path = Info.plist; sourceTree = "<group>"; };
/* End PBXFileReference section */

/* Begin PBXFrameworksBuildPhase section */
		DB0D5FCF261C1C320042C0EE /* Frameworks */ = {
			isa = PBXFrameworksBuildPhase;
			buildActionMask = 2147483647;
			files = (
			);
			runOnlyForDeploymentPostprocessing = 0;
		};
		DB0D5FD7261C1C320042C0EE /* Frameworks */ = {
			isa = PBXFrameworksBuildPhase;
			buildActionMask = 2147483647;
			files = (
			);
			runOnlyForDeploymentPostprocessing = 0;
		};
		DB0D5FDF261C1C330042C0EE /* Frameworks */ = {
			isa = PBXFrameworksBuildPhase;
			buildActionMask = 2147483647;
			files = (
			);
			runOnlyForDeploymentPostprocessing = 0;
		};
		DB0D5FEA261C1C330042C0EE /* Frameworks */ = {
			isa = PBXFrameworksBuildPhase;
			buildActionMask = 2147483647;
			files = (
			);
			runOnlyForDeploymentPostprocessing = 0;
		};
/* End PBXFrameworksBuildPhase section */

/* Begin PBXGroup section */
		DB0D5FC5261C1C310042C0EE = {
			isa = PBXGroup;
			children = (
				DB0D5FCA261C1C310042C0EE /* Shared */,
				DB0D5FD4261C1C320042C0EE /* iOS */,
				DB0D5FDB261C1C330042C0EE /* macOS */,
				DB0D5FE5261C1C330042C0EE /* Tests iOS */,
				DB0D5FF0261C1C330042C0EE /* Tests macOS */,
				DB0D5FD3261C1C320042C0EE /* Products */,
			);
			sourceTree = "<group>";
		};
		DB0D5FCA261C1C310042C0EE /* Shared */ = {
			isa = PBXGroup;
			children = (
				DB0D5FCB261C1C310042C0EE /* helloiosApp.swift */,
				DB0D5FCC261C1C310042C0EE /* ContentView.swift */,
				DB0D5FCD261C1C320042C0EE /* Assets.xcassets */,
			);
			path = Shared;
			sourceTree = "<group>";
		};
		DB0D5FD3261C1C320042C0EE /* Products */ = {
			isa = PBXGroup;
			children = (
				DB0D5FD2261C1C320042C0EE /* helloios.app */,
				DB0D5FDA261C1C330042C0EE /* helloios.app */,
				DB0D5FE2261C1C330042C0EE /* Tests iOS.xctest */,
				DB0D5FED261C1C330042C0EE /* Tests macOS.xctest */,
			);
			name = Products;
			sourceTree = "<group>";
		};
		DB0D5FD4261C1C320042C0EE /* iOS */ = {
			isa = PBXGroup;
			children = (
				DB0D5FD5261C1C320042C0EE /* Info.plist */,
			);
			path = iOS;
			sourceTree = "<group>";
		};
		DB0D5FDB261C1C330042C0EE /* macOS */ = {
			isa = PBXGroup;
			children = (
				DB0D5FDC261C1C330042C0EE /* Info.plist */,
				DB0D5FDD261C1C330042C0EE /* macOS.entitlements */,
			);
			path = macOS;
			sourceTree = "<group>";
		};
		DB0D5FE5261C1C330042C0EE /* Tests iOS */ = {
			isa = PBXGroup;
			children = (
				DB0D5FE6261C1C330042C0EE /* Tests_iOS.swift */,
				DB0D5FE8261C1C330042C0EE /* Info.plist */,
			);
			path = "Tests iOS";
			sourceTree = "<group>";
		};
		DB0D5FF0261C1C330042C0EE /* Tests macOS */ = {
			isa = PBXGroup;
			children = (
				DB0D5FF1261C1C330042C0EE /* Tests_macOS.swift */,
				DB0D5FF3261C1C330042C0EE /* Info.plist */,
			);
			path = "Tests macOS";
			sourceTree = "<group>";
		};
/* End PBXGroup section */

/* Begin PBXNativeTarget section */
		DB0D5FD1261C1C320042C0EE /* helloios (iOS) */ = {
			isa = PBXNativeTarget;
			buildConfigurationList = DB0D5FFC261C1C330042C0EE /* Build configuration list for PBXNativeTarget "helloios (iOS)" */;
			buildPhases = (
				DB0D5FCE261C1C320042C0EE /* Sources */,
				DB0D5FCF261C1C320042C0EE /* Frameworks */,
				DB0D5FD0261C1C320042C0EE /* Resources */,
			);
			buildRules = (
			);
			dependencies = (
			);
			name = "helloios (iOS)";
			productName = "helloios (iOS)";
			productReference = DB0D5FD2261C1C320042C0EE /* helloios.app */;
			productType = "com.apple.product-type.application";
		};
		DB0D5FD9261C1C320042C0EE /* helloios (macOS) */ = {
			isa = PBXNativeTarget;
			buildConfigurationList = DB0D5FFF261C1C330042C0EE /* Build configuration list for PBXNativeTarget "helloios (macOS)" */;
			buildPhases = (
				DB0D5FD6261C1C320042C0EE /* Sources */,
				DB0D5FD7261C1C320042C0EE /* Frameworks */,
				DB0D5FD8261C1C320042C0EE /* Resources */,
			);
			buildRules = (
			);
			dependencies = (
			);
			name = "helloios (macOS)";
			productName = "helloios (macOS)";
			productReference = DB0D5FDA261C1C330042C0EE /* helloios.app */;
			productType = "com.apple.product-type.application";
		};
		DB0D5FE1261C1C330042C0EE /* Tests iOS */ = {
			isa = PBXNativeTarget;
			buildConfigurationList = DB0D6002261C1C330042C0EE /* Build configuration list for PBXNativeTarget "Tests iOS" */;
			buildPhases = (
				DB0D5FDE261C1C330042C0EE /* Sources */,
				DB0D5FDF261C1C330042C0EE /* Frameworks */,
				DB0D5FE0261C1C330042C0EE /* Resources */,
			);
			buildRules = (
			);
			dependencies = (
				DB0D5FE4261C1C330042C0EE /* PBXTargetDependency */,
			);
			name = "Tests iOS";
			productName = "Tests iOS";
			productReference = DB0D5FE2261C1C330042C0EE /* Tests iOS.xctest */;
			productType = "com.apple.product-type.bundle.ui-testing";
		};
		DB0D5FEC261C1C330042C0EE /* Tests macOS */ = {
			isa = PBXNativeTarget;
			buildConfigurationList = DB0D6005261C1C330042C0EE /* Build configuration list for PBXNativeTarget "Tests macOS" */;
			buildPhases = (
				DB0D5FE9261C1C330042C0EE /* Sources */,
				DB0D5FEA261C1C330042C0EE /* Frameworks */,
				DB0D5FEB261C1C330042C0EE /* Resources */,
			);
			buildRules = (
			);
			dependencies = (
				DB0D5FEF261C1C330042C0EE /* PBXTargetDependency */,
			);
			name = "Tests macOS";
			productName = "Tests macOS";
			productReference = DB0D5FED261C1C330042C0EE /* Tests macOS.xctest */;
			productType = "com.apple.product-type.bundle.ui-testing";
		};
/* End PBXNativeTarget section */

/* Begin PBXProject section */
		DB0D5FC6261C1C310042C0EE /* Project object */ = {
			isa = PBXProject;
			attributes = {
				LastSwiftUpdateCheck = 1240;
				LastUpgradeCheck = 1240;
				TargetAttributes = {
					DB0D5FD1261C1C320042C0EE = {
						CreatedOnToolsVersion = 12.4;
					};
					DB0D5FD9261C1C320042C0EE = {
						CreatedOnToolsVersion = 12.4;
					};
					DB0D5FE1261C1C330042C0EE = {
						CreatedOnToolsVersion = 12.4;
						TestTargetID = DB0D5FD1261C1C320042C0EE;
					};
					DB0D5FEC261C1C330042C0EE = {
						CreatedOnToolsVersion = 12.4;
						TestTargetID = DB0D5FD9261C1C320042C0EE;
					};
				};
			};
			buildConfigurationList = DB0D5FC9261C1C310042C0EE /* Build configuration list for PBXProject "helloios" */;
			compatibilityVersion = "Xcode 9.3";
			developmentRegion = en;
			hasScannedForEncodings = 0;
			knownRegions = (
				en,
				Base,
			);
			mainGroup = DB0D5FC5261C1C310042C0EE;
			productRefGroup = DB0D5FD3261C1C320042C0EE /* Products */;
			projectDirPath = "";
			projectRoot = "";
			targets = (
				DB0D5FD1261C1C320042C0EE /* helloios (iOS) */,
				DB0D5FD9261C1C320042C0EE /* helloios (macOS) */,
				DB0D5FE1261C1C330042C0EE /* Tests iOS */,
				DB0D5FEC261C1C330042C0EE /* Tests macOS */,
			);
		};
/* End PBXProject section */

/* Begin PBXResourcesBuildPhase section */
		DB0D5FD0261C1C320042C0EE /* Resources */ = {
			isa = PBXResourcesBuildPhase;
			buildActionMask = 2147483647;
			files = (
				DB0D5FF8261C1C330042C0EE /* Assets.xcassets in Resources */,
			);
			runOnlyForDeploymentPostprocessing = 0;
		};
		DB0D5FD8261C1C320042C0EE /* Resources */ = {
			isa = PBXResourcesBuildPhase;
			buildActionMask = 2147483647;
			files = (
				DB0D5FF9261C1C330042C0EE /* Assets.xcassets in Resources */,
			);
			runOnlyForDeploymentPostprocessing = 0;
		};
		DB0D5FE0261C1C330042C0EE /* Resources */ = {
			isa = PBXResourcesBuildPhase;
			buildActionMask = 2147483647;
			files = (
			);
			runOnlyForDeploymentPostprocessing = 0;
		};
		DB0D5FEB261C1C330042C0EE /* Resources */ = {
			isa = PBXResourcesBuildPhase;
			buildActionMask = 2147483647;
			files = (
			);
			runOnlyForDeploymentPostprocessing = 0;
		};
/* End PBXResourcesBuildPhase section */

/* Begin PBXSourcesBuildPhase section */
		DB0D5FCE261C1C320042C0EE /* Sources */ = {
			isa = PBXSourcesBuildPhase;
			buildActionMask = 2147483647;
			files = (
				DB0D5FF6261C1C330042C0EE /* ContentView.swift in Sources */,
				DB0D5FF4261C1C330042C0EE /* helloiosApp.swift in Sources */,
			);
			runOnlyForDeploymentPostprocessing = 0;
		};
		DB0D5FD6261C1C320042C0EE /* Sources */ = {
			isa = PBXSourcesBuildPhase;
			buildActionMask = 2147483647;
			files = (
				DB0D5FF7261C1C330042C0EE /* ContentView.swift in Sources */,
				DB0D5FF5261C1C330042C0EE /* helloiosApp.swift in Sources */,
			);
			runOnlyForDeploymentPostprocessing = 0;
		};
		DB0D5FDE261C1C330042C0EE /* Sources */ = {
			isa = PBXSourcesBuildPhase;
			buildActionMask = 2147483647;
			files = (
				DB0D5FE7261C1C330042C0EE /* Tests_iOS.swift in Sources */,
			);
			runOnlyForDeploymentPostprocessing = 0;
		};
		DB0D5FE9261C1C330042C0EE /* Sources */ = {
			isa = PBXSourcesBuildPhase;
			buildActionMask = 2147483647;
			files = (
				DB0D5FF2261C1C330042C0EE /* Tests_macOS.swift in Sources */,
			);
			runOnlyForDeploymentPostprocessing = 0;
		};
/* End PBXSourcesBuildPhase section */

/* Begin PBXTargetDependency section */
		DB0D5FE4261C1C330042C0EE /* PBXTargetDependency */ = {
			isa = PBXTargetDependency;
			target = DB0D5FD1261C1C320042C0EE /* helloios (iOS) */;
			targetProxy = DB0D5FE3261C1C330042C0EE /* PBXContainerItemProxy */;
		};
		DB0D5FEF261C1C330042C0EE /* PBXTargetDependency */ = {
			isa = PBXTargetDependency;
			target = DB0D5FD9261C1C320042C0EE /* helloios (macOS) */;
			targetProxy = DB0D5FEE261C1C330042C0EE /* PBXContainerItemProxy */;
		};
/* End PBXTargetDependency section */

/* Begin XCBuildConfiguration section */
		DB0D5FFA261C1C330042C0EE /* Debug */ = {
			isa = XCBuildConfiguration;
			buildSettings = {
				ALWAYS_SEARCH_USER_PATHS = NO;
				CLANG_ANALYZER_NONNULL = YES;
				CLANG_ANALYZER_NUMBER_OBJECT_CONVERSION = YES_AGGRESSIVE;
				CLANG_CXX_LANGUAGE_STANDARD = "gnu++14";
				CLANG_CXX_LIBRARY = "libc++";
				CLANG_ENABLE_MODULES = YES;
				CLANG_ENABLE_OBJC_ARC = YES;
				CLANG_ENABLE_OBJC_WEAK = YES;
				CLANG_WARN_BLOCK_CAPTURE_AUTORELEASING = YES;
				CLANG_WARN_BOOL_CONVERSION = YES;
				CLANG_WARN_COMMA = YES;
				CLANG_WARN_CONSTANT_CONVERSION = YES;
				CLANG_WARN_DEPRECATED_OBJC_IMPLEMENTATIONS = YES;
				CLANG_WARN_DIRECT_OBJC_ISA_USAGE = YES_ERROR;
				CLANG_WARN_DOCUMENTATION_COMMENTS = YES;
				CLANG_WARN_EMPTY_BODY = YES;
				CLANG_WARN_ENUM_CONVERSION = YES;
				CLANG_WARN_INFINITE_RECURSION = YES;
				CLANG_WARN_INT_CONVERSION = YES;
				CLANG_WARN_NON_LITERAL_NULL_CONVERSION = YES;
				CLANG_WARN_OBJC_IMPLICIT_RETAIN_SELF = YES;
				CLANG_WARN_OBJC_LITERAL_CONVERSION = YES;
				CLANG_WARN_OBJC_ROOT_CLASS = YES_ERROR;
				CLANG_WARN_QUOTED_INCLUDE_IN_FRAMEWORK_HEADER = YES;
				CLANG_WARN_RANGE_LOOP_ANALYSIS = YES;
				CLANG_WARN_STRICT_PROTOTYPES = YES;
				CLANG_WARN_SUSPICIOUS_MOVE = YES;
				CLANG_WARN_UNGUARDED_AVAILABILITY = YES_AGGRESSIVE;
				CLANG_WARN_UNREACHABLE_CODE = YES;
				CLANG_WARN__DUPLICATE_METHOD_MATCH = YES;
				COPY_PHASE_STRIP = NO;
				DEBUG_INFORMATION_FORMAT = dwarf;
				ENABLE_STRICT_OBJC_MSGSEND = YES;
				ENABLE_TESTABILITY = YES;
				GCC_C_LANGUAGE_STANDARD = gnu11;
				GCC_DYNAMIC_NO_PIC = NO;
				GCC_NO_COMMON_BLOCKS = YES;
				GCC_OPTIMIZATION_LEVEL = 0;
				GCC_PREPROCESSOR_DEFINITIONS = (
					"DEBUG=1",
					"$(inherited)",
				);
				GCC_WARN_64_TO_32_BIT_CONVERSION = YES;
				GCC_WARN_ABOUT_RETURN_TYPE = YES_ERROR;
				GCC_WARN_UNDECLARED_SELECTOR = YES;
				GCC_WARN_UNINITIALIZED_AUTOS = YES_AGGRESSIVE;
				GCC_WARN_UNUSED_FUNCTION = YES;
				GCC_WARN_UNUSED_VARIABLE = YES;
				MTL_ENABLE_DEBUG_INFO = INCLUDE_SOURCE;
				MTL_FAST_MATH = YES;
				ONLY_ACTIVE_ARCH = YES;
				SWIFT_ACTIVE_COMPILATION_CONDITIONS = DEBUG;
				SWIFT_OPTIMIZATION_LEVEL = "-Onone";
			};
			name = Debug;
		};
		DB0D5FFB261C1C330042C0EE /* Release */ = {
			isa = XCBuildConfiguration;
			buildSettings = {
				ALWAYS_SEARCH_USER_PATHS = NO;
				CLANG_ANALYZER_NONNULL = YES;
				CLANG_ANALYZER_NUMBER_OBJECT_CONVERSION = YES_AGGRESSIVE;
				CLANG_CXX_LANGUAGE_STANDARD = "gnu++14";
				CLANG_CXX_LIBRARY = "libc++";
				CLANG_ENABLE_MODULES = YES;
				CLANG_ENABLE_OBJC_ARC = YES;
				CLANG_ENABLE_OBJC_WEAK = YES;
				CLANG_WARN_BLOCK_CAPTURE_AUTORELEASING = YES;
				CLANG_WARN_BOOL_CONVERSION = YES;
				CLANG_WARN_COMMA = YES;
				CLANG_WARN_CONSTANT_CONVERSION = YES;
				CLANG_WARN_DEPRECATED_OBJC_IMPLEMENTATIONS = YES;
				CLANG_WARN_DIRECT_OBJC_ISA_USAGE = YES_ERROR;
				CLANG_WARN_DOCUMENTATION_COMMENTS = YES;
				CLANG_WARN_EMPTY_BODY = YES;
				CLANG_WARN_ENUM_CONVERSION = YES;
				CLANG_WARN_INFINITE_RECURSION = YES;
				CLANG_WARN_INT_CONVERSION = YES;
				CLANG_WARN_NON_LITERAL_NULL_CONVERSION = YES;
				CLANG_WARN_OBJC_IMPLICIT_RETAIN_SELF = YES;
				CLANG_WARN_OBJC_LITERAL_CONVERSION = YES;
				CLANG_WARN_OBJC_ROOT_CLASS = YES_ERROR;
				CLANG_WARN_QUOTED_INCLUDE_IN_FRAMEWORK_HEADER = YES;
				CLANG_WARN_RANGE_LOOP_ANALYSIS = YES;
				CLANG_WARN_STRICT_PROTOTYPES = YES;
				CLANG_WARN_SUSPICIOUS_MOVE = YES;
				CLANG_WARN_UNGUARDED_AVAILABILITY = YES_AGGRESSIVE;
				CLANG_WARN_UNREACHABLE_CODE = YES;
				CLANG_WARN__DUPLICATE_METHOD_MATCH = YES;
				COPY_PHASE_STRIP = NO;
				DEBUG_INFORMATION_FORMAT = "dwarf-with-dsym";
				ENABLE_NS_ASSERTIONS = NO;
				ENABLE_STRICT_OBJC_MSGSEND = YES;
				GCC_C_LANGUAGE_STANDARD = gnu11;
				GCC_NO_COMMON_BLOCKS = YES;
				GCC_WARN_64_TO_32_BIT_CONVERSION = YES;
				GCC_WARN_ABOUT_RETURN_TYPE = YES_ERROR;
				GCC_WARN_UNDECLARED_SELECTOR = YES;
				GCC_WARN_UNINITIALIZED_AUTOS = YES_AGGRESSIVE;
				GCC_WARN_UNUSED_FUNCTION = YES;
				GCC_WARN_UNUSED_VARIABLE = YES;
				MTL_ENABLE_DEBUG_INFO = NO;
				MTL_FAST_MATH = YES;
				SWIFT_COMPILATION_MODE = wholemodule;
				SWIFT_OPTIMIZATION_LEVEL = "-O";
			};
			name = Release;
		};
		DB0D5FFD261C1C330042C0EE /* Debug */ = {
			isa = XCBuildConfiguration;
			buildSettings = {
				ASSETCATALOG_COMPILER_APPICON_NAME = AppIcon;
				ASSETCATALOG_COMPILER_GLOBAL_ACCENT_COLOR_NAME = AccentColor;
				CODE_SIGN_STYLE = Automatic;
				DEVELOPMENT_TEAM = WGQTZXWKGW;
				ENABLE_PREVIEWS = YES;
				INFOPLIST_FILE = iOS/Info.plist;
				IPHONEOS_DEPLOYMENT_TARGET = 14.0;
				LD_RUNPATH_SEARCH_PATHS = (
					"$(inherited)",
					"@executable_path/Frameworks",
				);
				PRODUCT_BUNDLE_IDENTIFIER = uw.helloios;
				PRODUCT_NAME = helloios;
				SDKROOT = iphoneos;
				SWIFT_VERSION = 5.0;
				TARGETED_DEVICE_FAMILY = "1,2";
			};
			name = Debug;
		};
		DB0D5FFE261C1C330042C0EE /* Release */ = {
			isa = XCBuildConfiguration;
			buildSettings = {
				ASSETCATALOG_COMPILER_APPICON_NAME = AppIcon;
				ASSETCATALOG_COMPILER_GLOBAL_ACCENT_COLOR_NAME = AccentColor;
				CODE_SIGN_STYLE = Automatic;
				DEVELOPMENT_TEAM = WGQTZXWKGW;
				ENABLE_PREVIEWS = YES;
				INFOPLIST_FILE = iOS/Info.plist;
				IPHONEOS_DEPLOYMENT_TARGET = 14.0;
				LD_RUNPATH_SEARCH_PATHS = (
					"$(inherited)",
					"@executable_path/Frameworks",
				);
				PRODUCT_BUNDLE_IDENTIFIER = uw.helloios;
				PRODUCT_NAME = helloios;
				SDKROOT = iphoneos;
				SWIFT_VERSION = 5.0;
				TARGETED_DEVICE_FAMILY = "1,2";
				VALIDATE_PRODUCT = YES;
			};
			name = Release;
		};
		DB0D6000261C1C330042C0EE /* Debug */ = {
			isa = XCBuildConfiguration;
			buildSettings = {
				ASSETCATALOG_COMPILER_APPICON_NAME = AppIcon;
				ASSETCATALOG_COMPILER_GLOBAL_ACCENT_COLOR_NAME = AccentColor;
				CODE_SIGN_ENTITLEMENTS = macOS/macOS.entitlements;
				CODE_SIGN_STYLE = Automatic;
				COMBINE_HIDPI_IMAGES = YES;
				ENABLE_PREVIEWS = YES;
				INFOPLIST_FILE = macOS/Info.plist;
				LD_RUNPATH_SEARCH_PATHS = (
					"$(inherited)",
					"@executable_path/../Frameworks",
				);
				MACOSX_DEPLOYMENT_TARGET = 11.0;
				PRODUCT_BUNDLE_IDENTIFIER = uw.helloios;
				PRODUCT_NAME = helloios;
				SDKROOT = macosx;
				SWIFT_VERSION = 5.0;
			};
			name = Debug;
		};
		DB0D6001261C1C330042C0EE /* Release */ = {
			isa = XCBuildConfiguration;
			buildSettings = {
				ASSETCATALOG_COMPILER_APPICON_NAME = AppIcon;
				ASSETCATALOG_COMPILER_GLOBAL_ACCENT_COLOR_NAME = AccentColor;
				CODE_SIGN_ENTITLEMENTS = macOS/macOS.entitlements;
				CODE_SIGN_STYLE = Automatic;
				COMBINE_HIDPI_IMAGES = YES;
				ENABLE_PREVIEWS = YES;
				INFOPLIST_FILE = macOS/Info.plist;
				LD_RUNPATH_SEARCH_PATHS = (
					"$(inherited)",
					"@executable_path/../Frameworks",
				);
				MACOSX_DEPLOYMENT_TARGET = 11.0;
				PRODUCT_BUNDLE_IDENTIFIER = uw.helloios;
				PRODUCT_NAME = helloios;
				SDKROOT = macosx;
				SWIFT_VERSION = 5.0;
			};
			name = Release;
		};
		DB0D6003261C1C330042C0EE /* Debug */ = {
			isa = XCBuildConfiguration;
			buildSettings = {
				ALWAYS_EMBED_SWIFT_STANDARD_LIBRARIES = YES;
				CODE_SIGN_STYLE = Automatic;
				INFOPLIST_FILE = "Tests iOS/Info.plist";
				IPHONEOS_DEPLOYMENT_TARGET = 14.4;
				LD_RUNPATH_SEARCH_PATHS = (
					"$(inherited)",
					"@executable_path/Frameworks",
					"@loader_path/Frameworks",
				);
				PRODUCT_BUNDLE_IDENTIFIER = "uw.Tests-iOS";
				PRODUCT_NAME = "$(TARGET_NAME)";
				SDKROOT = iphoneos;
				SWIFT_VERSION = 5.0;
				TARGETED_DEVICE_FAMILY = "1,2";
				TEST_TARGET_NAME = "helloios (iOS)";
			};
			name = Debug;
		};
		DB0D6004261C1C330042C0EE /* Release */ = {
			isa = XCBuildConfiguration;
			buildSettings = {
				ALWAYS_EMBED_SWIFT_STANDARD_LIBRARIES = YES;
				CODE_SIGN_STYLE = Automatic;
				INFOPLIST_FILE = "Tests iOS/Info.plist";
				IPHONEOS_DEPLOYMENT_TARGET = 14.4;
				LD_RUNPATH_SEARCH_PATHS = (
					"$(inherited)",
					"@executable_path/Frameworks",
					"@loader_path/Frameworks",
				);
				PRODUCT_BUNDLE_IDENTIFIER = "uw.Tests-iOS";
				PRODUCT_NAME = "$(TARGET_NAME)";
				SDKROOT = iphoneos;
				SWIFT_VERSION = 5.0;
				TARGETED_DEVICE_FAMILY = "1,2";
				TEST_TARGET_NAME = "helloios (iOS)";
				VALIDATE_PRODUCT = YES;
			};
			name = Release;
		};
		DB0D6006261C1C330042C0EE /* Debug */ = {
			isa = XCBuildConfiguration;
			buildSettings = {
				ALWAYS_EMBED_SWIFT_STANDARD_LIBRARIES = YES;
				CODE_SIGN_STYLE = Automatic;
				COMBINE_HIDPI_IMAGES = YES;
				INFOPLIST_FILE = "Tests macOS/Info.plist";
				LD_RUNPATH_SEARCH_PATHS = (
					"$(inherited)",
					"@executable_path/../Frameworks",
					"@loader_path/../Frameworks",
				);
				MACOSX_DEPLOYMENT_TARGET = 10.15;
				PRODUCT_BUNDLE_IDENTIFIER = "uw.Tests-macOS";
				PRODUCT_NAME = "$(TARGET_NAME)";
				SDKROOT = macosx;
				SWIFT_VERSION = 5.0;
				TEST_TARGET_NAME = "helloios (macOS)";
			};
			name = Debug;
		};
		DB0D6007261C1C330042C0EE /* Release */ = {
			isa = XCBuildConfiguration;
			buildSettings = {
				ALWAYS_EMBED_SWIFT_STANDARD_LIBRARIES = YES;
				CODE_SIGN_STYLE = Automatic;
				COMBINE_HIDPI_IMAGES = YES;
				INFOPLIST_FILE = "Tests macOS/Info.plist";
				LD_RUNPATH_SEARCH_PATHS = (
					"$(inherited)",
					"@executable_path/../Frameworks",
					"@loader_path/../Frameworks",
				);
				MACOSX_DEPLOYMENT_TARGET = 10.15;
				PRODUCT_BUNDLE_IDENTIFIER = "uw.Tests-macOS";
				PRODUCT_NAME = "$(TARGET_NAME)";
				SDKROOT = macosx;
				SWIFT_VERSION = 5.0;
				TEST_TARGET_NAME = "helloios (macOS)";
			};
			name = Release;
		};
/* End XCBuildConfiguration section */

/* Begin XCConfigurationList section */
		DB0D5FC9261C1C310042C0EE /* Build configuration list for PBXProject "helloios" */ = {
			isa = XCConfigurationList;
			buildConfigurations = (
				DB0D5FFA261C1C330042C0EE /* Debug */,
				DB0D5FFB261C1C330042C0EE /* Release */,
			);
			defaultConfigurationIsVisible = 0;
			defaultConfigurationName = Release;
		};
		DB0D5FFC261C1C330042C0EE /* Build configuration list for PBXNativeTarget "helloios (iOS)" */ = {
			isa = XCConfigurationList;
			buildConfigurations = (
				DB0D5FFD261C1C330042C0EE /* Debug */,
				DB0D5FFE261C1C330042C0EE /* Release */,
			);
			defaultConfigurationIsVisible = 0;
			defaultConfigurationName = Release;
		};
		DB0D5FFF261C1C330042C0EE /* Build configuration list for PBXNativeTarget "helloios (macOS)" */ = {
			isa = XCConfigurationList;
			buildConfigurations = (
				DB0D6000261C1C330042C0EE /* Debug */,
				DB0D6001261C1C330042C0EE /* Release */,
			);
			defaultConfigurationIsVisible = 0;
			defaultConfigurationName = Release;
		};
		DB0D6002261C1C330042C0EE /* Build configuration list for PBXNativeTarget "Tests iOS" */ = {
			isa = XCConfigurationList;
			buildConfigurations = (
				DB0D6003261C1C330042C0EE /* Debug */,
				DB0D6004261C1C330042C0EE /* Release */,
			);
			defaultConfigurationIsVisible = 0;
			defaultConfigurationName = Release;
		};
		DB0D6005261C1C330042C0EE /* Build configuration list for PBXNativeTarget "Tests macOS" */ = {
			isa = XCConfigurationList;
			buildConfigurations = (
				DB0D6006261C1C330042C0EE /* Debug */,
				DB0D6007261C1C330042C0EE /* Release */,
			);
			defaultConfigurationIsVisible = 0;
			defaultConfigurationName = Release;
		};
/* End XCConfigurationList section */
	};
	rootObject = DB0D5FC6261C1C310042C0EE /* Project object */;
}
